
Microsoft Visual Studio Solution File, Format Version 12.00
# Visual Studio Version 16
VisualStudioVersion = 16.0.31624.102
MinimumVisualStudioVersion = 10.0.40219.1
Project("{FAE04EC0-301F-11D3-BF4B-00C04F79EFBC}") = "Trial_App 2.UWP", "Trial_App 2.UWP\Trial_App 2.UWP.csproj", "{3D89D0B3-183B-4357-8DBB-182EAEE34B40}"
EndProject
Project("{FAE04EC0-301F-11D3-BF4B-00C04F79EFBC}") = "Trial_App 2.Android", "Trial_App 2.Android\Trial_App 2.Android.csproj", "{BE678066-2093-422B-9B0C-26AA8D77EE5C}"
EndProject
Project("{FAE04EC0-301F-11D3-BF4B-00C04F79EFBC}") = "Trial_App 2.iOS", "Trial_App 2.iOS\Trial_App 2.iOS.csproj", "{68AC77E1-C04B-407A-956D-ACD8B786425C}"
EndProject
Project("{FAE04EC0-301F-11D3-BF4B-00C04F79EFBC}") = "Trial_App 2", "Trial_App 2\Trial_App 2.csproj", "{C71CC340-F168-4BC5-ABCC-FE1ABD008D0A}"
EndProject
Global
	GlobalSection(SolutionConfigurationPlatforms) = preSolution
		Debug|Any CPU = Debug|Any CPU
		Debug|ARM = Debug|ARM
		Debug|iPhone = Debug|iPhone
		Debug|iPhoneSimulator = Debug|iPhoneSimulator
		Debug|x64 = Debug|x64
		Debug|x86 = Debug|x86
		Release|Any CPU = Release|Any CPU
		Release|ARM = Release|ARM
		Release|iPhone = Release|iPhone
		Release|iPhoneSimulator = Release|iPhoneSimulator
		Release|x64 = Release|x64
		Release|x86 = Release|x86
	EndGlobalSection
	GlobalSection(ProjectConfigurationPlatforms) = postSolution
		{3D89D0B3-183B-4357-8DBB-182EAEE34B40}.Debug|Any CPU.ActiveCfg = Debug|x86
		{3D89D0B3-183B-4357-8DBB-182EAEE34B40}.Debug|Any CPU.Build.0 = Debug|x86
		{3D89D0B3-183B-4357-8DBB-182EAEE34B40}.Debug|Any CPU.Deploy.0 = Debug|x86
		{3D89D0B3-183B-4357-8DBB-182EAEE34B40}.Debug|ARM.ActiveCfg = Debug|ARM
		{3D89D0B3-183B-4357-8DBB-182EAEE34B40}.Debug|ARM.Build.0 = Debug|ARM
		{3D89D0B3-183B-4357-8DBB-182EAEE34B40}.Debug|ARM.Deploy.0 = Debug|ARM
		{3D89D0B3-183B-4357-8DBB-182EAEE34B40}.Debug|iPhone.ActiveCfg = Debug|x86
		{3D89D0B3-183B-4357-8DBB-182EAEE34B40}.Debug|iPhone.Build.0 = Debug|x86
		{3D89D0B3-183B-4357-8DBB-182EAEE34B40}.Debug|iPhone.Deploy.0 = Debug|x86
		{3D89D0B3-183B-4357-8DBB-182EAEE34B40}.Debug|iPhoneSimulator.ActiveCfg = Debug|x86
		{3D89D0B3-183B-4357-8DBB-182EAEE34B40}.Debug|iPhoneSimulator.Build.0 = Debug|x86
		{3D89D0B3-183B-4357-8DBB-182EAEE34B40}.Debug|iPhoneSimulator.Deploy.0 = Debug|x86
		{3D89D0B3-183B-4357-8DBB-182EAEE34B40}.Debug|x64.ActiveCfg = Debug|x64
		{3D89D0B3-183B-4357-8DBB-182EAEE34B40}.Debug|x64.Build.0 = Debug|x64
		{3D89D0B3-183B-4357-8DBB-182EAEE34B40}.Debug|x64.Deploy.0 = Debug|x64
		{3D89D0B3-183B-4357-8DBB-182EAEE34B40}.Debug|x86.ActiveCfg = Debug|x86
		{3D89D0B3-183B-4357-8DBB-182EAEE34B40}.Debug|x86.Build.0 = Debug|x86
		{3D89D0B3-183B-4357-8DBB-182EAEE34B40}.Debug|x86.Deploy.0 = Debug|x86
		{3D89D0B3-183B-4357-8DBB-182EAEE34B40}.Release|Any CPU.ActiveCfg = Release|x86
		{3D89D0B3-183B-4357-8DBB-182EAEE34B40}.Release|Any CPU.Build.0 = Release|x86
		{3D89D0B3-183B-4357-8DBB-182EAEE34B40}.Release|Any CPU.Deploy.0 = Release|x86
		{3D89D0B3-183B-4357-8DBB-182EAEE34B40}.Release|ARM.ActiveCfg = Release|ARM
		{3D89D0B3-183B-4357-8DBB-182EAEE34B40}.Release|ARM.Build.0 = Release|ARM
		{3D89D0B3-183B-4357-8DBB-182EAEE34B40}.Release|ARM.Deploy.0 = Release|ARM
		{3D89D0B3-183B-4357-8DBB-182EAEE34B40}.Release|iPhone.ActiveCfg = Release|x86
		{3D89D0B3-183B-4357-8DBB-182EAEE34B40}.Release|iPhone.Build.0 = Release|x86
		{3D89D0B3-183B-4357-8DBB-182EAEE34B40}.Release|iPhone.Deploy.0 = Release|x86
		{3D89D0B3-183B-4357-8DBB-182EAEE34B40}.Release|iPhoneSimulator.ActiveCfg = Release|x86
		{3D89D0B3-183B-4357-8DBB-182EAEE34B40}.Release|iPhoneSimulator.Build.0 = Release|x86
		{3D89D0B3-183B-4357-8DBB-182EAEE34B40}.Release|iPhoneSimulator.Deploy.0 = Release|x86
		{3D89D0B3-183B-4357-8DBB-182EAEE34B40}.Release|x64.ActiveCfg = Release|x64
		{3D89D0B3-183B-4357-8DBB-182EAEE34B40}.Release|x64.Build.0 = Release|x64
		{3D89D0B3-183B-4357-8DBB-182EAEE34B40}.Release|x64.Deploy.0 = Release|x64
		{3D89D0B3-183B-4357-8DBB-182EAEE34B40}.Release|x86.ActiveCfg = Release|x86
		{3D89D0B3-183B-4357-8DBB-182EAEE34B40}.Release|x86.Build.0 = Release|x86
		{3D89D0B3-183B-4357-8DBB-182EAEE34B40}.Release|x86.Deploy.0 = Release|x86
		{BE678066-2093-422B-9B0C-26AA8D77EE5C}.Debug|Any CPU.ActiveCfg = Debug|Any CPU
		{BE678066-2093-422B-9B0C-26AA8D77EE5C}.Debug|Any CPU.Build.0 = Debug|Any CPU
		{BE678066-2093-422B-9B0C-26AA8D77EE5C}.Debug|Any CPU.Deploy.0 = Debug|Any CPU
		{BE678066-2093-422B-9B0C-26AA8D77EE5C}.Debug|ARM.ActiveCfg = Debug|Any CPU
		{BE678066-2093-422B-9B0C-26AA8D77EE5C}.Debug|ARM.Build.0 = Debug|Any CPU
		{BE678066-2093-422B-9B0C-26AA8D77EE5C}.Debug|ARM.Deploy.0 = Debug|Any CPU
		{BE678066-2093-422B-9B0C-26AA8D77EE5C}.Debug|iPhone.ActiveCfg = Debug|Any CPU
		{BE678066-2093-422B-9B0C-26AA8D77EE5C}.Debug|iPhone.Build.0 = Debug|Any CPU
		{BE678066-2093-422B-9B0C-26AA8D77EE5C}.Debug|iPhone.Deploy.0 = Debug|Any CPU
		{BE678066-2093-422B-9B0C-26AA8D77EE5C}.Debug|iPhoneSimulator.ActiveCfg = Debug|Any CPU
		{BE678066-2093-422B-9B0C-26AA8D77EE5C}.Debug|iPhoneSimulator.Build.0 = Debug|Any CPU
		{BE678066-2093-422B-9B0C-26AA8D77EE5C}.Debug|iPhoneSimulator.Deploy.0 = Debug|Any CPU
		{BE678066-2093-422B-9B0C-26AA8D77EE5C}.Debug|x64.ActiveCfg = Debug|Any CPU
		{BE678066-2093-422B-9B0C-26AA8D77EE5C}.Debug|x64.Build.0 = Debug|Any CPU
		{BE678066-2093-422B-9B0C-26AA8D77EE5C}.Debug|x64.Deploy.0 = Debug|Any CPU
		{BE678066-2093-422B-9B0C-26AA8D77EE5C}.Debug|x86.ActiveCfg = Debug|Any CPU
		{BE678066-2093-422B-9B0C-26AA8D77EE5C}.Debug|x86.Build.0 = Debug|Any CPU
		{BE678066-2093-422B-9B0C-26AA8D77EE5C}.Debug|x86.Deploy.0 = Debug|Any CPU
		{BE678066-2093-422B-9B0C-26AA8D77EE5C}.Release|Any CPU.ActiveCfg = Release|Any CPU
		{BE678066-2093-422B-9B0C-26AA8D77EE5C}.Release|Any CPU.Build.0 = Release|Any CPU
		{BE678066-2093-422B-9B0C-26AA8D77EE5C}.Release|Any CPU.Deploy.0 = Release|Any CPU
		{BE678066-2093-422B-9B0C-26AA8D77EE5C}.Release|ARM.ActiveCfg = Release|Any CPU
		{BE678066-2093-422B-9B0C-26AA8D77EE5C}.Release|ARM.Build.0 = Release|Any CPU
		{BE678066-2093-422B-9B0C-26AA8D77EE5C}.Release|ARM.Deploy.0 = Release|Any CPU
		{BE678066-2093-422B-9B0C-26AA8D77EE5C}.Release|iPhone.ActiveCfg = Release|Any CPU
		{BE678066-2093-422B-9B0C-26AA8D77EE5C}.Release|iPhone.Build.0 = Release|Any CPU
		{BE678066-2093-422B-9B0C-26AA8D77EE5C}.Release|iPhone.Deploy.0 = Release|Any CPU
		{BE678066-2093-422B-9B0C-26AA8D77EE5C}.Release|iPhoneSimulator.ActiveCfg = Release|Any CPU
		{BE678066-2093-422B-9B0C-26AA8D77EE5C}.Release|iPhoneSimulator.Build.0 = Release|Any CPU
		{BE678066-2093-422B-9B0C-26AA8D77EE5C}.Release|iPhoneSimulator.Deploy.0 = Release|Any CPU
		{BE678066-2093-422B-9B0C-26AA8D77EE5C}.Release|x64.ActiveCfg = Release|Any CPU
		{BE678066-2093-422B-9B0C-26AA8D77EE5C}.Release|x64.Build.0 = Release|Any CPU
		{BE678066-2093-422B-9B0C-26AA8D77EE5C}.Release|x64.Deploy.0 = Release|Any CPU
		{BE678066-2093-422B-9B0C-26AA8D77EE5C}.Release|x86.ActiveCfg = Release|Any CPU
		{BE678066-2093-422B-9B0C-26AA8D77EE5C}.Release|x86.Build.0 = Release|Any CPU
		{BE678066-2093-422B-9B0C-26AA8D77EE5C}.Release|x86.Deploy.0 = Release|Any CPU
		{68AC77E1-C04B-407A-956D-ACD8B786425C}.Debug|Any CPU.ActiveCfg = Debug|iPhoneSimulator
		{68AC77E1-C04B-407A-956D-ACD8B786425C}.Debug|Any CPU.Build.0 = Debug|iPhoneSimulator
		{68AC77E1-C04B-407A-956D-ACD8B786425C}.Debug|Any CPU.Deploy.0 = Debug|iPhoneSimulator
		{68AC77E1-C04B-407A-956D-ACD8B786425C}.Debug|ARM.ActiveCfg = Debug|iPhone
		{68AC77E1-C04B-407A-956D-ACD8B786425C}.Debug|ARM.Build.0 = Debug|iPhone
		{68AC77E1-C04B-407A-956D-ACD8B786425C}.Debug|ARM.Deploy.0 = Debug|iPhone
		{68AC77E1-C04B-407A-956D-ACD8B786425C}.Debug|iPhone.ActiveCfg = Debug|iPhone
		{68AC77E1-C04B-407A-956D-ACD8B786425C}.Debug|iPhone.Build.0 = Debug|iPhone
		{68AC77E1-C04B-407A-956D-ACD8B786425C}.Debug|iPhone.Deploy.0 = Debug|iPhone
		{68AC77E1-C04B-407A-956D-ACD8B786425C}.Debug|iPhoneSimulator.ActiveCfg = Debug|iPhoneSimulator
		{68AC77E1-C04B-407A-956D-ACD8B786425C}.Debug|iPhoneSimulator.Build.0 = Debug|iPhoneSimulator
		{68AC77E1-C04B-407A-956D-ACD8B786425C}.Debug|iPhoneSimulator.Deploy.0 = Debug|iPhoneSimulator
		{68AC77E1-C04B-407A-956D-ACD8B786425C}.Debug|x64.ActiveCfg = Debug|iPhoneSimulator
		{68AC77E1-C04B-407A-956D-ACD8B786425C}.Debug|x64.Build.0 = Debug|iPhoneSimulator
		{68AC77E1-C04B-407A-956D-ACD8B786425C}.Debug|x64.Deploy.0 = Debug|iPhoneSimulator
		{68AC77E1-C04B-407A-956D-ACD8B786425C}.Debug|x86.ActiveCfg = Debug|iPhoneSimulator
		{68AC77E1-C04B-407A-956D-ACD8B786425C}.Debug|x86.Build.0 = Debug|iPhoneSimulator
		{68AC77E1-C04B-407A-956D-ACD8B786425C}.Debug|x86.Deploy.0 = Debug|iPhoneSimulator
		{68AC77E1-C04B-407A-956D-ACD8B786425C}.Release|Any CPU.ActiveCfg = Release|iPhoneSimulator
		{68AC77E1-C04B-407A-956D-ACD8B786425C}.Release|Any CPU.Build.0 = Release|iPhoneSimulator
		{68AC77E1-C04B-407A-956D-ACD8B786425C}.Release|Any CPU.Deploy.0 = Release|iPhoneSimulator
		{68AC77E1-C04B-407A-956D-ACD8B786425C}.Release|ARM.ActiveCfg = Release|iPhoneSimulator
		{68AC77E1-C04B-407A-956D-ACD8B786425C}.Release|ARM.Build.0 = Release|iPhoneSimulator
		{68AC77E1-C04B-407A-956D-ACD8B786425C}.Release|ARM.Deploy.0 = Release|iPhoneSimulator
		{68AC77E1-C04B-407A-956D-ACD8B786425C}.Release|iPhone.ActiveCfg = Release|iPhone
		{68AC77E1-C04B-407A-956D-ACD8B786425C}.Release|iPhone.Build.0 = Release|iPhone
		{68AC77E1-C04B-407A-956D-ACD8B786425C}.Release|iPhone.Deploy.0 = Release|iPhone
		{68AC77E1-C04B-407A-956D-ACD8B786425C}.Release|iPhoneSimulator.ActiveCfg = Release|iPhoneSimulator
		{68AC77E1-C04B-407A-956D-ACD8B786425C}.Release|iPhoneSimulator.Build.0 = Release|iPhoneSimulator
		{68AC77E1-C04B-407A-956D-ACD8B786425C}.Release|iPhoneSimulator.Deploy.0 = Release|iPhoneSimulator
		{68AC77E1-C04B-407A-956D-ACD8B786425C}.Release|x64.ActiveCfg = Release|iPhoneSimulator
		{68AC77E1-C04B-407A-956D-ACD8B786425C}.Release|x64.Build.0 = Release|iPhoneSimulator
		{68AC77E1-C04B-407A-956D-ACD8B786425C}.Release|x64.Deploy.0 = Release|iPhoneSimulator
		{68AC77E1-C04B-407A-956D-ACD8B786425C}.Release|x86.ActiveCfg = Release|iPhoneSimulator
		{68AC77E1-C04B-407A-956D-ACD8B786425C}.Release|x86.Build.0 = Release|iPhoneSimulator
		{68AC77E1-C04B-407A-956D-ACD8B786425C}.Release|x86.Deploy.0 = Release|iPhoneSimulator
		{C71CC340-F168-4BC5-ABCC-FE1ABD008D0A}.Debug|Any CPU.ActiveCfg = Debug|Any CPU
		{C71CC340-F168-4BC5-ABCC-FE1ABD008D0A}.Debug|Any CPU.Build.0 = Debug|Any CPU
		{C71CC340-F168-4BC5-ABCC-FE1ABD008D0A}.Debug|Any CPU.Deploy.0 = Debug|Any CPU
		{C71CC340-F168-4BC5-ABCC-FE1ABD008D0A}.Debug|ARM.ActiveCfg = Debug|Any CPU
		{C71CC340-F168-4BC5-ABCC-FE1ABD008D0A}.Debug|ARM.Build.0 = Debug|Any CPU
		{C71CC340-F168-4BC5-ABCC-FE1ABD008D0A}.Debug|ARM.Deploy.0 = Debug|Any CPU
		{C71CC340-F168-4BC5-ABCC-FE1ABD008D0A}.Debug|iPhone.ActiveCfg = Debug|Any CPU
		{C71CC340-F168-4BC5-ABCC-FE1ABD008D0A}.Debug|iPhone.Build.0 = Debug|Any CPU
		{C71CC340-F168-4BC5-ABCC-FE1ABD008D0A}.Debug|iPhone.Deploy.0 = Debug|Any CPU
		{C71CC340-F168-4BC5-ABCC-FE1ABD008D0A}.Debug|iPhoneSimulator.ActiveCfg = Debug|Any CPU
		{C71CC340-F168-4BC5-ABCC-FE1ABD008D0A}.Debug|iPhoneSimulator.Build.0 = Debug|Any CPU
		{C71CC340-F168-4BC5-ABCC-FE1ABD008D0A}.Debug|iPhoneSimulator.Deploy.0 = Debug|Any CPU
		{C71CC340-F168-4BC5-ABCC-FE1ABD008D0A}.Debug|x64.ActiveCfg = Debug|Any CPU
		{C71CC340-F168-4BC5-ABCC-FE1ABD008D0A}.Debug|x64.Build.0 = Debug|Any CPU
		{C71CC340-F168-4BC5-ABCC-FE1ABD008D0A}.Debug|x64.Deploy.0 = Debug|Any CPU
		{C71CC340-F168-4BC5-ABCC-FE1ABD008D0A}.Debug|x86.ActiveCfg = Debug|Any CPU
		{C71CC340-F168-4BC5-ABCC-FE1ABD008D0A}.Debug|x86.Build.0 = Debug|Any CPU
		{C71CC340-F168-4BC5-ABCC-FE1ABD008D0A}.Debug|x86.Deploy.0 = Debug|Any CPU
		{C71CC340-F168-4BC5-ABCC-FE1ABD008D0A}.Release|Any CPU.ActiveCfg = Release|Any CPU
		{C71CC340-F168-4BC5-ABCC-FE1ABD008D0A}.Release|Any CPU.Build.0 = Release|Any CPU
		{C71CC340-F168-4BC5-ABCC-FE1ABD008D0A}.Release|Any CPU.Deploy.0 = Release|Any CPU
		{C71CC340-F168-4BC5-ABCC-FE1ABD008D0A}.Release|ARM.ActiveCfg = Release|Any CPU
		{C71CC340-F168-4BC5-ABCC-FE1ABD008D0A}.Release|ARM.Build.0 = Release|Any CPU
		{C71CC340-F168-4BC5-ABCC-FE1ABD008D0A}.Release|ARM.Deploy.0 = Release|Any CPU
		{C71CC340-F168-4BC5-ABCC-FE1ABD008D0A}.Release|iPhone.ActiveCfg = Release|Any CPU
		{C71CC340-F168-4BC5-ABCC-FE1ABD008D0A}.Release|iPhone.Build.0 = Release|Any CPU
		{C71CC340-F168-4BC5-ABCC-FE1ABD008D0A}.Release|iPhone.Deploy.0 = Release|Any CPU
		{C71CC340-F168-4BC5-ABCC-FE1ABD008D0A}.Release|iPhoneSimulator.ActiveCfg = Release|Any CPU
		{C71CC340-F168-4BC5-ABCC-FE1ABD008D0A}.Release|iPhoneSimulator.Build.0 = Release|Any CPU
		{C71CC340-F168-4BC5-ABCC-FE1ABD008D0A}.Release|iPhoneSimulator.Deploy.0 = Release|Any CPU
		{C71CC340-F168-4BC5-ABCC-FE1ABD008D0A}.Release|x64.ActiveCfg = Release|Any CPU
		{C71CC340-F168-4BC5-ABCC-FE1ABD008D0A}.Release|x64.Build.0 = Release|Any CPU
		{C71CC340-F168-4BC5-ABCC-FE1ABD008D0A}.Release|x64.Deploy.0 = Release|Any CPU
		{C71CC340-F168-4BC5-ABCC-FE1ABD008D0A}.Release|x86.ActiveCfg = Release|Any CPU
		{C71CC340-F168-4BC5-ABCC-FE1ABD008D0A}.Release|x86.Build.0 = Release|Any CPU
		{C71CC340-F168-4BC5-ABCC-FE1ABD008D0A}.Release|x86.Deploy.0 = Release|Any CPU
	EndGlobalSection
	GlobalSection(SolutionProperties) = preSolution
		HideSolutionNode = FALSE
	EndGlobalSection
	GlobalSection(ExtensibilityGlobals) = postSolution
		SolutionGuid = {FAE56284-00CC-4721-B187-739CE0E150C0}
	EndGlobalSection
EndGlobal
